
Microsoft Visual Studio Solution File, Format Version 12.00
# Visual Studio 15
VisualStudioVersion = 15.0.28306.52
MinimumVisualStudioVersion = 10.0.40219.1
Project("{FAE04EC0-301F-11D3-BF4B-00C04F79EFBC}") = "SoundKeepAPI", "SoundKeepAPI\SoundKeepAPI.csproj", "{92B2CF90-82B3-4AE4-97D3-EC89C6015FD4}"
EndProject
Global
	GlobalSection(SolutionConfigurationPlatforms) = preSolution
		Debug|Any CPU = Debug|Any CPU
		Release|Any CPU = Release|Any CPU
	EndGlobalSection
	GlobalSection(ProjectConfigurationPlatforms) = postSolution
		{92B2CF90-82B3-4AE4-97D3-EC89C6015FD4}.Debug|Any CPU.ActiveCfg = Debug|Any CPU
		{92B2CF90-82B3-4AE4-97D3-EC89C6015FD4}.Debug|Any CPU.Build.0 = Debug|Any CPU
		{92B2CF90-82B3-4AE4-97D3-EC89C6015FD4}.Release|Any CPU.ActiveCfg = Release|Any CPU
		{92B2CF90-82B3-4AE4-97D3-EC89C6015FD4}.Release|Any CPU.Build.0 = Release|Any CPU
	EndGlobalSection
	GlobalSection(SolutionProperties) = preSolution
		HideSolutionNode = FALSE
	EndGlobalSection
	GlobalSection(ExtensibilityGlobals) = postSolution
		SolutionGuid = {B2C157B2-6A88-4F80-8A38-C006677E79EE}
	EndGlobalSection
EndGlobal
